{
  "name": "react-native-fast-scripts",
  "version": "0.0.4",
  "lockfileVersion": 3,
  "requires": true,
  "packages": {
    "": {
      "name": "react-native-fast-scripts",
      "version": "0.0.4",
      "license": "MIT",
      "bin": {
        "react-native-fast-scripts": "bin/cli.js"
      }
    }
  }
}
